# SHA-256 hashes for every remotely fetched firmware and installer input.
59aeab603814a68acb6d9bca676a820858734fbd6c6725f68e0d708020e58be9 https://raw.githubusercontent.com/esphome/home-assistant-voice-pe/0579e7b9d8504264719c593474c85447253c9dc1/sounds/jack_connected.flac
800be63f0f16b277c46b664f0896b87e0195d8cc9a927a7cdd6795036058dc44 https://raw.githubusercontent.com/esphome/home-assistant-voice-pe/0579e7b9d8504264719c593474c85447253c9dc1/sounds/jack_disconnected.flac
536f3daa7e41ae0789f9309b42a980eb6cccb36a16f1b92d79112129579b9fde https://raw.githubusercontent.com/esphome/home-assistant-voice-pe/0579e7b9d8504264719c593474c85447253c9dc1/sounds/mute_switch_on.flac
b0ce950b316ad35ece4ffcba7a7978b1bb701f7f527d69e2d273e06a751642cc https://raw.githubusercontent.com/esphome/home-assistant-voice-pe/0579e7b9d8504264719c593474c85447253c9dc1/sounds/mute_switch_off.flac
5c26cad33931670f2b62db5d2ed35c562b162e819ade38e646680065ad1b055f https://raw.githubusercontent.com/esphome/home-assistant-voice-pe/0579e7b9d8504264719c593474c85447253c9dc1/sounds/wake_word_triggered.flac
a33ed44b29da0de31cbc8d503643a1a0c5f9f22df739562880ee7c5cf81da9c4 https://raw.githubusercontent.com/esphome/home-assistant-voice-pe/0579e7b9d8504264719c593474c85447253c9dc1/sounds/center_button_press.flac
2cda3d78ccce5b522fb671092a9e07d29b224b6e861fb6c5fae2d555b6a77021 https://raw.githubusercontent.com/esphome/home-assistant-voice-pe/0579e7b9d8504264719c593474c85447253c9dc1/sounds/center_button_double_press.flac
9ccb4a79a00509dc84e901565e42a510f02deef8082dd17da13a43d493014728 https://raw.githubusercontent.com/esphome/home-assistant-voice-pe/0579e7b9d8504264719c593474c85447253c9dc1/sounds/center_button_triple_press.flac
7eb8baa6de8ed087bdea04fa23d989e5c4459120338f98929d4e8a20207f1f50 https://raw.githubusercontent.com/esphome/home-assistant-voice-pe/0579e7b9d8504264719c593474c85447253c9dc1/sounds/center_button_long_press.flac
ac0bba5f82d002d5ffa84c1338a7748e6ad043a5a7dee01fef626b35cc093930 https://raw.githubusercontent.com/esphome/home-assistant-voice-pe/0579e7b9d8504264719c593474c85447253c9dc1/sounds/factory_reset_initiated.mp3
15328fcc94650b60f85fbc02b1e19e714f71468954c576597e4c9005ab06cba8 https://raw.githubusercontent.com/esphome/home-assistant-voice-pe/0579e7b9d8504264719c593474c85447253c9dc1/sounds/factory_reset_cancelled.mp3
0e9b50d9bd86f86d7afd379780d3c07cdd140d9b2e9bf812ee819c8a2e183eed https://raw.githubusercontent.com/esphome/home-assistant-voice-pe/0579e7b9d8504264719c593474c85447253c9dc1/sounds/factory_reset_confirmed.mp3
ad187647a7686548fdb2d756012fee689fdeb97dc0bec8d1591c7a134148725f https://raw.githubusercontent.com/esphome/home-assistant-voice-pe/0579e7b9d8504264719c593474c85447253c9dc1/sounds/easter_egg_tick.mp3
e9b0d1f62055f8713a1dd0d2f3e92142a7bee8e371b40cf0008e8e624e787ec8 https://raw.githubusercontent.com/esphome/home-assistant-voice-pe/0579e7b9d8504264719c593474c85447253c9dc1/sounds/easter_egg_tada.mp3
66d6186784b405958b8a7450365122cbd13996207d9d31f7d439d9f7fcd8cb9c https://raw.githubusercontent.com/esphome/home-assistant-voice-pe/0579e7b9d8504264719c593474c85447253c9dc1/sounds/error_cloud_expired.mp3
3b41b0f9d08a9a709c8071d37a37bf6787c468e91cf954cb6b4ea0d70215d9ee https://github.com/OHF-Voice/micro-wake-word/releases/download/v2.1_models/hey_jarvis.json
21a7976add39ee24ec96c63d96b7aaa18e24d1d9824b963e451da8feb4b78b77 https://github.com/OHF-Voice/micro-wake-word/releases/download/v2.1_models/hey_jarvis.tflite
183d0488306778e2b7eeb0aeb7548586de39b26541d7460d9e0e3a5873936d60 https://github.com/OHF-Voice/micro-wake-word/releases/download/v2.1_models/okay_nabu.json
f2724f68c72a1fae0dcbd83c112f06047c0ece6fc25298560ffb6e0fce385386 https://github.com/OHF-Voice/micro-wake-word/releases/download/v2.1_models/okay_nabu.tflite
bd13aeb1b83852649dc4fb6135cb160ff68716d14612b06f6a405342c57447aa https://github.com/OHF-Voice/micro-wake-word/releases/download/stop/stop.json
b5a18c4ad681a89950dfade31011e1631bdcb333e93c84519a1a63ff4f071146 https://github.com/OHF-Voice/micro-wake-word/releases/download/stop/stop.tflite
bd8c9cd4350814f761e651685ae5196e2a56521aaf5670071ba742927de58ed7 https://raw.githubusercontent.com/esphome/micro-wake-word-models/05b65922cc433c9df13e98e32a7fe520758c837e/models/v2/vad.json
7aa4db6d5fb7c5358609f6931e7847d303c16a43d178638bc14104f50d7eff5f https://raw.githubusercontent.com/esphome/micro-wake-word-models/05b65922cc433c9df13e98e32a7fe520758c837e/models/v2/vad.tflite
11b563d6c51424f49f1e1d3585ba03a073e2802798e6aa067c6734d7ecb6935b https://github.com/esphome/voice-kit-xmos-firmware/releases/download/v1.3.1/ffva_v1.3.1_upgrade.bin
4b59e2ab922f749f3158116e14f8461c96cff9aab22985c155c0d50bbc4c2a0d https://registry.npmjs.org/esp-web-tools/-/esp-web-tools-10.0.1.tgz
8aca8db96f1b94770f1b0d72b6dddcb1ebb8123cb3712530b08cc387b349a3d8 https://github.com/rhysd/actionlint/releases/download/v1.7.12/actionlint_1.7.12_linux_amd64.tar.gz
325e971b6ba9bfa504672e29be93c24981eeb1c07576d730e9f7c8805afff0c6 https://github.com/rhysd/actionlint/releases/download/v1.7.12/actionlint_1.7.12_linux_arm64.tar.gz
f181e6004d4f734bb4e688e22f95655c16613360cc01d15df10ca172edf82dcc https://dl.registry.platformio.org/download/improv/library/Improv/1.2.4/Improv-1.2.4.tar.gz
ac610bda97abe0d9f6b7c963255a11dcb196c25e337c61f94e4778d632f1d8fd https://ftp.gnu.org/gnu/patch/patch-2.7.6.tar.xz
